{
  "name": "csgo-server-stats-testing",
  "version": "1.0.0",
  "lockfileVersion": 1,
  "requires": true,
  "dependencies": {
    "bufferpack": {
      "version": "0.0.6",
      "resolved": "https://registry.npmjs.org/bufferpack/-/bufferpack-0.0.6.tgz",
      "integrity": "sha1-+z2HOKDh5OA7z/mfmnX57Bip1z4="
    },
    "ssq": {
      "version": "0.0.1",
      "resolved": "https://registry.npmjs.org/ssq/-/ssq-0.0.1.tgz",
      "integrity": "sha1-QJyOIIf1rQC6WOZXtRXUaqwMFM4=",
      "requires": {
        "bufferpack": "~0.0.6"
      }
    }
  }
}
